<Solution>
    <Folder Name="/Solutions/">
        <File Path="README.md" />
        <File Path="global.props" />
        <File Path="NuGet.config" />
        <File Path="Directory.Packages.props" />
    </Folder>
    <Folder Name="/Source/">
        <File Path="Source/common.props" />
        <File Path="Source/README.md" />
        <Project Path="Source/Starfish.Application/Starfish.Application.csproj" />
        <Project Path="Source/Starfish.Domain/Starfish.Domain.csproj" />
        <Project Path="Source/Starfish.Host/Starfish.Host.csproj" />
        <Project Path="Source/Starfish.Repository/Starfish.Repository.csproj" />
        <Project Path="Source/Starfish.Toolkit/Starfish.Toolkit.csproj" />
        <Project Path="Source/Starfish.Transit/Starfish.Transit.csproj" />
    </Folder>
    <Folder Name="/Tests/" />
</Solution>